{
  "name": "dGE-smartContracts",
  "version": "1.0.2-beta",
  "lockfileVersion": 1,
  "requires": true,
  "dependencies": {
    "@openzeppelin/contracts": {
      "version": "3.0.0",
      "resolved": "https://registry.npmjs.org/@openzeppelin/contracts/-/contracts-3.0.0.tgz",
      "integrity": "sha512-u7oATjUK6jffDOoIjVQ7vJ2fnFKlfDS1CJzrMpp+YtGQ2fhdSk0kXjZTxk8Pj1SPVZRNES3yo0r144v8BsuRhQ=="
    }
  }
}
